{
  "name": "PBL5-Nhom3",
  "lockfileVersion": 3,
  "requires": true,
  "packages": {
    "": {
      "dependencies": {
        "axios": "0.21.4",
        "chartjs-plugin-datalabels": "^2.2.0",
        "recoil": "^0.7.7"
      }
    },
    "node_modules/axios": {
      "version": "0.21.4",
      "resolved": "https://registry.npmjs.org/axios/-/axios-0.21.4.tgz",
      "integrity": "sha512-ut5vewkiu8jjGBdqpM44XxjuCjq9LAKeHVmoVfHVzy8eHgxxq8SbAVQNovDA8mVi05kP0Ea/n/UzcSHcTJQfNg==",
      "dependencies": {
        "follow-redirects": "^1.14.0"
      }
    },
    "node_modules/chartjs-plugin-datalabels": {
      "version": "2.2.0",
      "resolved": "https://registry.npmjs.org/chartjs-plugin-datalabels/-/chartjs-plugin-datalabels-2.2.0.tgz",
      "integrity": "sha512-14ZU30lH7n89oq+A4bWaJPnAG8a7ZTk7dKf48YAzMvJjQtjrgg5Dpk9f+LbjCF6bpx3RAGTeL13IXpKQYyRvlw==",
      "peerDependencies": {
        "chart.js": ">=3.0.0"
      }
    },
    "node_modules/follow-redirects": {
      "version": "1.15.6",
      "resolved": "https://registry.npmjs.org/follow-redirects/-/follow-redirects-1.15.6.tgz",
      "integrity": "sha512-wWN62YITEaOpSK584EZXJafH1AGpO8RVgElfkuXbTOrPX4fIfOyEpW/CsiNd8JdYrAoOvafRTOEnvsO++qCqFA==",
      "funding": [
        {
          "type": "individual",
          "url": "https://github.com/sponsors/RubenVerborgh"
        }
      ],
      "engines": {
        "node": ">=4.0"
      },
      "peerDependenciesMeta": {
        "debug": {
          "optional": true
        }
      }
    },
    "node_modules/hamt_plus": {
      "version": "1.0.2",
      "resolved": "https://registry.npmjs.org/hamt_plus/-/hamt_plus-1.0.2.tgz",
      "integrity": "sha512-t2JXKaehnMb9paaYA7J0BX8QQAY8lwfQ9Gjf4pg/mk4krt+cmwmU652HOoWonf+7+EQV97ARPMhhVgU1ra2GhA=="
    },
    "node_modules/recoil": {
      "version": "0.7.7",
      "resolved": "https://registry.npmjs.org/recoil/-/recoil-0.7.7.tgz",
      "integrity": "sha512-8Og5KPQW9LwC577Vc7Ug2P0vQshkv1y3zG3tSSkWMqkWSwHmE+by06L8JtnGocjW6gcCvfwB3YtrJG6/tWivNQ==",
      "dependencies": {
        "hamt_plus": "1.0.2"
      },
      "peerDependencies": {
        "react": ">=16.13.1"
      },
      "peerDependenciesMeta": {
        "react-dom": {
          "optional": true
        },
        "react-native": {
          "optional": true
        }
      }
    }
  }
}
